// !$*UTF8*$!
{
	archiveVersion = 1;
	classes = {
	};
	objectVersion = 46;
	objects = {

/* Begin PBXBuildFile section */
		950402241A08D04E0031331F /* Foundation.framework in Frameworks */ = {isa = PBXBuildFile; fileRef = 950402231A08D04E0031331F /* Foundation.framework */; };
		950402261A08D04E0031331F /* CoreGraphics.framework in Frameworks */ = {isa = PBXBuildFile; fileRef = 950402251A08D04E0031331F /* CoreGraphics.framework */; };
		950402281A08D04E0031331F /* UIKit.framework in Frameworks */ = {isa = PBXBuildFile; fileRef = 950402271A08D04E0031331F /* UIKit.framework */; };
		9504022E1A08D04E0031331F /* InfoPlist.strings in Resources */ = {isa = PBXBuildFile; fileRef = 9504022C1A08D04E0031331F /* InfoPlist.strings */; };
		950402301A08D04E0031331F /* main.m in Sources */ = {isa = PBXBuildFile; fileRef = 9504022F1A08D04E0031331F /* main.m */; };
		950402341A08D04E0031331F /* AppDelegate.m in Sources */ = {isa = PBXBuildFile; fileRef = 950402331A08D04E0031331F /* AppDelegate.m */; };
		950402371A08D04E0031331F /* Main_iPhone.storyboard in Resources */ = {isa = PBXBuildFile; fileRef = 950402351A08D04E0031331F /* Main_iPhone.storyboard */; };
		9504023A1A08D04E0031331F /* Main_iPad.storyboard in Resources */ = {isa = PBXBuildFile; fileRef = 950402381A08D04E0031331F /* Main_iPad.storyboard */; };
		9504023D1A08D04E0031331F /* ViewController.m in Sources */ = {isa = PBXBuildFile; fileRef = 9504023C1A08D04E0031331F /* ViewController.m */; };
		9504023F1A08D04E0031331F /* Images.xcassets in Resources */ = {isa = PBXBuildFile; fileRef = 9504023E1A08D04E0031331F /* Images.xcassets */; };
		950402461A08D04E0031331F /* XCTest.framework in Frameworks */ = {isa = PBXBuildFile; fileRef = 950402451A08D04E0031331F /* XCTest.framework */; };
		950402471A08D04E0031331F /* Foundation.framework in Frameworks */ = {isa = PBXBuildFile; fileRef = 950402231A08D04E0031331F /* Foundation.framework */; };
		950402481A08D04E0031331F /* UIKit.framework in Frameworks */ = {isa = PBXBuildFile; fileRef = 950402271A08D04E0031331F /* UIKit.framework */; };
		950402501A08D04E0031331F /* InfoPlist.strings in Resources */ = {isa = PBXBuildFile; fileRef = 9504024E1A08D04E0031331F /* InfoPlist.strings */; };
		950402521A08D04E0031331F /* SampleTests.m in Sources */ = {isa = PBXBuildFile; fileRef = 950402511A08D04E0031331F /* SampleTests.m */; };
		950402601A08D0AA0031331F /* UIViewController+DDPopUpViewController.m in Sources */ = {isa = PBXBuildFile; fileRef = 9504025F1A08D0AA0031331F /* UIViewController+DDPopUpViewController.m */; };
		950402631A08D3DD0031331F /* TestViewController.m in Sources */ = {isa = PBXBuildFile; fileRef = 950402621A08D3DD0031331F /* TestViewController.m */; };
/* End PBXBuildFile section */

/* Begin PBXContainerItemProxy section */
		950402491A08D04E0031331F /* PBXContainerItemProxy */ = {
			isa = PBXContainerItemProxy;
			containerPortal = 950402181A08D04E0031331F /* Project object */;
			proxyType = 1;
			remoteGlobalIDString = 9504021F1A08D04E0031331F;
			remoteInfo = Sample;
		};
/* End PBXContainerItemProxy section */

/* Begin PBXFileReference section */
		950402201A08D04E0031331F /* Sample.app */ = {isa = PBXFileReference; explicitFileType = wrapper.application; includeInIndex = 0; path = Sample.app; sourceTree = BUILT_PRODUCTS_DIR; };
		950402231A08D04E0031331F /* Foundation.framework */ = {isa = PBXFileReference; lastKnownFileType = wrapper.framework; name = Foundation.framework; path = System/Library/Frameworks/Foundation.framework; sourceTree = SDKROOT; };
		950402251A08D04E0031331F /* CoreGraphics.framework */ = {isa = PBXFileReference; lastKnownFileType = wrapper.framework; name = CoreGraphics.framework; path = System/Library/Frameworks/CoreGraphics.framework; sourceTree = SDKROOT; };
		950402271A08D04E0031331F /* UIKit.framework */ = {isa = PBXFileReference; lastKnownFileType = wrapper.framework; name = UIKit.framework; path = System/Library/Frameworks/UIKit.framework; sourceTree = SDKROOT; };
		9504022B1A08D04E0031331F /* Sample-Info.plist */ = {isa = PBXFileReference; lastKnownFileType = text.plist.xml; path = "Sample-Info.plist"; sourceTree = "<group>"; };
		9504022D1A08D04E0031331F /* en */ = {isa = PBXFileReference; lastKnownFileType = text.plist.strings; name = en; path = en.lproj/InfoPlist.strings; sourceTree = "<group>"; };
		9504022F1A08D04E0031331F /* main.m */ = {isa = PBXFileReference; lastKnownFileType = sourcecode.c.objc; path = main.m; sourceTree = "<group>"; };
		950402311A08D04E0031331F /* Sample-Prefix.pch */ = {isa = PBXFileReference; lastKnownFileType = sourcecode.c.h; path = "Sample-Prefix.pch"; sourceTree = "<group>"; };
		950402321A08D04E0031331F /* AppDelegate.h */ = {isa = PBXFileReference; lastKnownFileType = sourcecode.c.h; path = AppDelegate.h; sourceTree = "<group>"; };
		950402331A08D04E0031331F /* AppDelegate.m */ = {isa = PBXFileReference; lastKnownFileType = sourcecode.c.objc; path = AppDelegate.m; sourceTree = "<group>"; };
		950402361A08D04E0031331F /* Base */ = {isa = PBXFileReference; lastKnownFileType = file.storyboard; name = Base; path = Base.lproj/Main_iPhone.storyboard; sourceTree = "<group>"; };
		950402391A08D04E0031331F /* Base */ = {isa = PBXFileReference; lastKnownFileType = file.storyboard; name = Base; path = Base.lproj/Main_iPad.storyboard; sourceTree = "<group>"; };
		9504023B1A08D04E0031331F /* ViewController.h */ = {isa = PBXFileReference; lastKnownFileType = sourcecode.c.h; path = ViewController.h; sourceTree = "<group>"; };
		9504023C1A08D04E0031331F /* ViewController.m */ = {isa = PBXFileReference; lastKnownFileType = sourcecode.c.objc; path = ViewController.m; sourceTree = "<group>"; };
		9504023E1A08D04E0031331F /* Images.xcassets */ = {isa = PBXFileReference; lastKnownFileType = folder.assetcatalog; path = Images.xcassets; sourceTree = "<group>"; };
		950402441A08D04E0031331F /* SampleTests.xctest */ = {isa = PBXFileReference; explicitFileType = wrapper.cfbundle; includeInIndex = 0; path = SampleTests.xctest; sourceTree = BUILT_PRODUCTS_DIR; };
		950402451A08D04E0031331F /* XCTest.framework */ = {isa = PBXFileReference; lastKnownFileType = wrapper.framework; name = XCTest.framework; path = Library/Frameworks/XCTest.framework; sourceTree = DEVELOPER_DIR; };
		9504024D1A08D04E0031331F /* SampleTests-Info.plist */ = {isa = PBXFileReference; lastKnownFileType = text.plist.xml; path = "SampleTests-Info.plist"; sourceTree = "<group>"; };
		9504024F1A08D04E0031331F /* en */ = {isa = PBXFileReference; lastKnownFileType = text.plist.strings; name = en; path = en.lproj/InfoPlist.strings; sourceTree = "<group>"; };
		950402511A08D04E0031331F /* SampleTests.m */ = {isa = PBXFileReference; lastKnownFileType = sourcecode.c.objc; path = SampleTests.m; sourceTree = "<group>"; };
		9504025E1A08D0AA0031331F /* UIViewController+DDPopUpViewController.h */ = {isa = PBXFileReference; fileEncoding = 4; lastKnownFileType = sourcecode.c.h; path = "UIViewController+DDPopUpViewController.h"; sourceTree = "<group>"; };
		9504025F1A08D0AA0031331F /* UIViewController+DDPopUpViewController.m */ = {isa = PBXFileReference; fileEncoding = 4; lastKnownFileType = sourcecode.c.objc; path = "UIViewController+DDPopUpViewController.m"; sourceTree = "<group>"; };
		950402611A08D3DD0031331F /* TestViewController.h */ = {isa = PBXFileReference; fileEncoding = 4; lastKnownFileType = sourcecode.c.h; path = TestViewController.h; sourceTree = "<group>"; };
		950402621A08D3DD0031331F /* TestViewController.m */ = {isa = PBXFileReference; fileEncoding = 4; lastKnownFileType = sourcecode.c.objc; path = TestViewController.m; sourceTree = "<group>"; };
/* End PBXFileReference section */

/* Begin PBXFrameworksBuildPhase section */
		9504021D1A08D04E0031331F /* Frameworks */ = {
			isa = PBXFrameworksBuildPhase;
			buildActionMask = 2147483647;
			files = (
				950402261A08D04E0031331F /* CoreGraphics.framework in Frameworks */,
				950402281A08D04E0031331F /* UIKit.framework in Frameworks */,
				950402241A08D04E0031331F /* Foundation.framework in Frameworks */,
			);
			runOnlyForDeploymentPostprocessing = 0;
		};
		950402411A08D04E0031331F /* Frameworks */ = {
			isa = PBXFrameworksBuildPhase;
			buildActionMask = 2147483647;
			files = (
				950402461A08D04E0031331F /* XCTest.framework in Frameworks */,
				950402481A08D04E0031331F /* UIKit.framework in Frameworks */,
				950402471A08D04E0031331F /* Foundation.framework in Frameworks */,
			);
			runOnlyForDeploymentPostprocessing = 0;
		};
/* End PBXFrameworksBuildPhase section */

/* Begin PBXGroup section */
		950402171A08D04E0031331F = {
			isa = PBXGroup;
			children = (
				9504025D1A08D0AA0031331F /* DDPopUpViewController */,
				950402291A08D04E0031331F /* Sample */,
				9504024B1A08D04E0031331F /* SampleTests */,
				950402221A08D04E0031331F /* Frameworks */,
				950402211A08D04E0031331F /* Products */,
			);
			sourceTree = "<group>";
		};
		950402211A08D04E0031331F /* Products */ = {
			isa = PBXGroup;
			children = (
				950402201A08D04E0031331F /* Sample.app */,
				950402441A08D04E0031331F /* SampleTests.xctest */,
			);
			name = Products;
			sourceTree = "<group>";
		};
		950402221A08D04E0031331F /* Frameworks */ = {
			isa = PBXGroup;
			children = (
				950402231A08D04E0031331F /* Foundation.framework */,
				950402251A08D04E0031331F /* CoreGraphics.framework */,
				950402271A08D04E0031331F /* UIKit.framework */,
				950402451A08D04E0031331F /* XCTest.framework */,
			);
			name = Frameworks;
			sourceTree = "<group>";
		};
		950402291A08D04E0031331F /* Sample */ = {
			isa = PBXGroup;
			children = (
				950402321A08D04E0031331F /* AppDelegate.h */,
				950402331A08D04E0031331F /* AppDelegate.m */,
				950402351A08D04E0031331F /* Main_iPhone.storyboard */,
				950402381A08D04E0031331F /* Main_iPad.storyboard */,
				9504023B1A08D04E0031331F /* ViewController.h */,
				9504023C1A08D04E0031331F /* ViewController.m */,
				9504023E1A08D04E0031331F /* Images.xcassets */,
				9504022A1A08D04E0031331F /* Supporting Files */,
				950402611A08D3DD0031331F /* TestViewController.h */,
				950402621A08D3DD0031331F /* TestViewController.m */,
			);
			path = Sample;
			sourceTree = "<group>";
		};
		9504022A1A08D04E0031331F /* Supporting Files */ = {
			isa = PBXGroup;
			children = (
				9504022B1A08D04E0031331F /* Sample-Info.plist */,
				9504022C1A08D04E0031331F /* InfoPlist.strings */,
				9504022F1A08D04E0031331F /* main.m */,
				950402311A08D04E0031331F /* Sample-Prefix.pch */,
			);
			name = "Supporting Files";
			sourceTree = "<group>";
		};
		9504024B1A08D04E0031331F /* SampleTests */ = {
			isa = PBXGroup;
			children = (
				950402511A08D04E0031331F /* SampleTests.m */,
				9504024C1A08D04E0031331F /* Supporting Files */,
			);
			path = SampleTests;
			sourceTree = "<group>";
		};
		9504024C1A08D04E0031331F /* Supporting Files */ = {
			isa = PBXGroup;
			children = (
				9504024D1A08D04E0031331F /* SampleTests-Info.plist */,
				9504024E1A08D04E0031331F /* InfoPlist.strings */,
			);
			name = "Supporting Files";
			sourceTree = "<group>";
		};
		9504025D1A08D0AA0031331F /* DDPopUpViewController */ = {
			isa = PBXGroup;
			children = (
				9504025E1A08D0AA0031331F /* UIViewController+DDPopUpViewController.h */,
				9504025F1A08D0AA0031331F /* UIViewController+DDPopUpViewController.m */,
			);
			name = DDPopUpViewController;
			path = ../DDPopUpViewController;
			sourceTree = "<group>";
		};
/* End PBXGroup section */

/* Begin PBXNativeTarget section */
		9504021F1A08D04E0031331F /* Sample */ = {
			isa = PBXNativeTarget;
			buildConfigurationList = 950402551A08D04E0031331F /* Build configuration list for PBXNativeTarget "Sample" */;
			buildPhases = (
				9504021C1A08D04E0031331F /* Sources */,
				9504021D1A08D04E0031331F /* Frameworks */,
				9504021E1A08D04E0031331F /* Resources */,
			);
			buildRules = (
			);
			dependencies = (
			);
			name = Sample;
			productName = Sample;
			productReference = 950402201A08D04E0031331F /* Sample.app */;
			productType = "com.apple.product-type.application";
		};
		950402431A08D04E0031331F /* SampleTests */ = {
			isa = PBXNativeTarget;
			buildConfigurationList = 950402581A08D04E0031331F /* Build configuration list for PBXNativeTarget "SampleTests" */;
			buildPhases = (
				950402401A08D04E0031331F /* Sources */,
				950402411A08D04E0031331F /* Frameworks */,
				950402421A08D04E0031331F /* Resources */,
			);
			buildRules = (
			);
			dependencies = (
				9504024A1A08D04E0031331F /* PBXTargetDependency */,
			);
			name = SampleTests;
			productName = SampleTests;
			productReference = 950402441A08D04E0031331F /* SampleTests.xctest */;
			productType = "com.apple.product-type.bundle.unit-test";
		};
/* End PBXNativeTarget section */

/* Begin PBXProject section */
		950402181A08D04E0031331F /* Project object */ = {
			isa = PBXProject;
			attributes = {
				LastUpgradeCheck = 0510;
				TargetAttributes = {
					950402431A08D04E0031331F = {
						TestTargetID = 9504021F1A08D04E0031331F;
					};
				};
			};
			buildConfigurationList = 9504021B1A08D04E0031331F /* Build configuration list for PBXProject "Sample" */;
			compatibilityVersion = "Xcode 3.2";
			developmentRegion = English;
			hasScannedForEncodings = 0;
			knownRegions = (
				en,
				Base,
			);
			mainGroup = 950402171A08D04E0031331F;
			productRefGroup = 950402211A08D04E0031331F /* Products */;
			projectDirPath = "";
			projectRoot = "";
			targets = (
				9504021F1A08D04E0031331F /* Sample */,
				950402431A08D04E0031331F /* SampleTests */,
			);
		};
/* End PBXProject section */

/* Begin PBXResourcesBuildPhase section */
		9504021E1A08D04E0031331F /* Resources */ = {
			isa = PBXResourcesBuildPhase;
			buildActionMask = 2147483647;
			files = (
				9504023A1A08D04E0031331F /* Main_iPad.storyboard in Resources */,
				9504023F1A08D04E0031331F /* Images.xcassets in Resources */,
				950402371A08D04E0031331F /* Main_iPhone.storyboard in Resources */,
				9504022E1A08D04E0031331F /* InfoPlist.strings in Resources */,
			);
			runOnlyForDeploymentPostprocessing = 0;
		};
		950402421A08D04E0031331F /* Resources */ = {
			isa = PBXResourcesBuildPhase;
			buildActionMask = 2147483647;
			files = (
				950402501A08D04E0031331F /* InfoPlist.strings in Resources */,
			);
			runOnlyForDeploymentPostprocessing = 0;
		};
/* End PBXResourcesBuildPhase section */

/* Begin PBXSourcesBuildPhase section */
		9504021C1A08D04E0031331F /* Sources */ = {
			isa = PBXSourcesBuildPhase;
			buildActionMask = 2147483647;
			files = (
				9504023D1A08D04E0031331F /* ViewController.m in Sources */,
				950402341A08D04E0031331F /* AppDelegate.m in Sources */,
				950402601A08D0AA0031331F /* UIViewController+DDPopUpViewController.m in Sources */,
				950402301A08D04E0031331F /* main.m in Sources */,
				950402631A08D3DD0031331F /* TestViewController.m in Sources */,
			);
			runOnlyForDeploymentPostprocessing = 0;
		};
		950402401A08D04E0031331F /* Sources */ = {
			isa = PBXSourcesBuildPhase;
			buildActionMask = 2147483647;
			files = (
				950402521A08D04E0031331F /* SampleTests.m in Sources */,
			);
			runOnlyForDeploymentPostprocessing = 0;
		};
/* End PBXSourcesBuildPhase section */

/* Begin PBXTargetDependency section */
		9504024A1A08D04E0031331F /* PBXTargetDependency */ = {
			isa = PBXTargetDependency;
			target = 9504021F1A08D04E0031331F /* Sample */;
			targetProxy = 950402491A08D04E0031331F /* PBXContainerItemProxy */;
		};
/* End PBXTargetDependency section */

/* Begin PBXVariantGroup section */
		9504022C1A08D04E0031331F /* InfoPlist.strings */ = {
			isa = PBXVariantGroup;
			children = (
				9504022D1A08D04E0031331F /* en */,
			);
			name = InfoPlist.strings;
			sourceTree = "<group>";
		};
		950402351A08D04E0031331F /* Main_iPhone.storyboard */ = {
			isa = PBXVariantGroup;
			children = (
				950402361A08D04E0031331F /* Base */,
			);
			name = Main_iPhone.storyboard;
			sourceTree = "<group>";
		};
		950402381A08D04E0031331F /* Main_iPad.storyboard */ = {
			isa = PBXVariantGroup;
			children = (
				950402391A08D04E0031331F /* Base */,
			);
			name = Main_iPad.storyboard;
			sourceTree = "<group>";
		};
		9504024E1A08D04E0031331F /* InfoPlist.strings */ = {
			isa = PBXVariantGroup;
			children = (
				9504024F1A08D04E0031331F /* en */,
			);
			name = InfoPlist.strings;
			sourceTree = "<group>";
		};
/* End PBXVariantGroup section */

/* Begin XCBuildConfiguration section */
		950402531A08D04E0031331F /* Debug */ = {
			isa = XCBuildConfiguration;
			buildSettings = {
				ALWAYS_SEARCH_USER_PATHS = NO;
				CLANG_CXX_LANGUAGE_STANDARD = "gnu++0x";
				CLANG_CXX_LIBRARY = "libc++";
				CLANG_ENABLE_MODULES = YES;
				CLANG_ENABLE_OBJC_ARC = YES;
				CLANG_WARN_BOOL_CONVERSION = YES;
				CLANG_WARN_CONSTANT_CONVERSION = YES;
				CLANG_WARN_DIRECT_OBJC_ISA_USAGE = YES_ERROR;
				CLANG_WARN_EMPTY_BODY = YES;
				CLANG_WARN_ENUM_CONVERSION = YES;
				CLANG_WARN_INT_CONVERSION = YES;
				CLANG_WARN_OBJC_ROOT_CLASS = YES_ERROR;
				CLANG_WARN__DUPLICATE_METHOD_MATCH = YES;
				"CODE_SIGN_IDENTITY[sdk=iphoneos*]" = "iPhone Developer";
				COPY_PHASE_STRIP = NO;
				GCC_C_LANGUAGE_STANDARD = gnu99;
				GCC_DYNAMIC_NO_PIC = NO;
				GCC_OPTIMIZATION_LEVEL = 0;
				GCC_PREPROCESSOR_DEFINITIONS = (
					"DEBUG=1",
					"$(inherited)",
				);
				GCC_SYMBOLS_PRIVATE_EXTERN = NO;
				GCC_WARN_64_TO_32_BIT_CONVERSION = YES;
				GCC_WARN_ABOUT_RETURN_TYPE = YES_ERROR;
				GCC_WARN_UNDECLARED_SELECTOR = YES;
				GCC_WARN_UNINITIALIZED_AUTOS = YES_AGGRESSIVE;
				GCC_WARN_UNUSED_FUNCTION = YES;
				GCC_WARN_UNUSED_VARIABLE = YES;
				IPHONEOS_DEPLOYMENT_TARGET = 6.0;
				ONLY_ACTIVE_ARCH = YES;
				SDKROOT = iphoneos;
				TARGETED_DEVICE_FAMILY = "1,2";
			};
			name = Debug;
		};
		950402541A08D04E0031331F /* Release */ = {
			isa = XCBuildConfiguration;
			buildSettings = {
				ALWAYS_SEARCH_USER_PATHS = NO;
				CLANG_CXX_LANGUAGE_STANDARD = "gnu++0x";
				CLANG_CXX_LIBRARY = "libc++";
				CLANG_ENABLE_MODULES = YES;
				CLANG_ENABLE_OBJC_ARC = YES;
				CLANG_WARN_BOOL_CONVERSION = YES;
				CLANG_WARN_CONSTANT_CONVERSION = YES;
				CLANG_WARN_DIRECT_OBJC_ISA_USAGE = YES_ERROR;
				CLANG_WARN_EMPTY_BODY = YES;
				CLANG_WARN_ENUM_CONVERSION = YES;
				CLANG_WARN_INT_CONVERSION = YES;
				CLANG_WARN_OBJC_ROOT_CLASS = YES_ERROR;
				CLANG_WARN__DUPLICATE_METHOD_MATCH = YES;
				"CODE_SIGN_IDENTITY[sdk=iphoneos*]" = "iPhone Developer";
				COPY_PHASE_STRIP = YES;
				ENABLE_NS_ASSERTIONS = NO;
				GCC_C_LANGUAGE_STANDARD = gnu99;
				GCC_WARN_64_TO_32_BIT_CONVERSION = YES;
				GCC_WARN_ABOUT_RETURN_TYPE = YES_ERROR;
				GCC_WARN_UNDECLARED_SELECTOR = YES;
				GCC_WARN_UNINITIALIZED_AUTOS = YES_AGGRESSIVE;
				GCC_WARN_UNUSED_FUNCTION = YES;
				GCC_WARN_UNUSED_VARIABLE = YES;
				IPHONEOS_DEPLOYMENT_TARGET = 6.0;
				SDKROOT = iphoneos;
				TARGETED_DEVICE_FAMILY = "1,2";
				VALIDATE_PRODUCT = YES;
			};
			name = Release;
		};
		950402561A08D04E0031331F /* Debug */ = {
			isa = XCBuildConfiguration;
			buildSettings = {
				ASSETCATALOG_COMPILER_APPICON_NAME = AppIcon;
				ASSETCATALOG_COMPILER_LAUNCHIMAGE_NAME = LaunchImage;
				GCC_PRECOMPILE_PREFIX_HEADER = YES;
				GCC_PREFIX_HEADER = "Sample/Sample-Prefix.pch";
				INFOPLIST_FILE = "Sample/Sample-Info.plist";
				IPHONEOS_DEPLOYMENT_TARGET = 6.0;
				PRODUCT_NAME = "$(TARGET_NAME)";
				WRAPPER_EXTENSION = app;
			};
			name = Debug;
		};
		950402571A08D04E0031331F /* Release */ = {
			isa = XCBuildConfiguration;
			buildSettings = {
				ASSETCATALOG_COMPILER_APPICON_NAME = AppIcon;
				ASSETCATALOG_COMPILER_LAUNCHIMAGE_NAME = LaunchImage;
				GCC_PRECOMPILE_PREFIX_HEADER = YES;
				GCC_PREFIX_HEADER = "Sample/Sample-Prefix.pch";
				INFOPLIST_FILE = "Sample/Sample-Info.plist";
				IPHONEOS_DEPLOYMENT_TARGET = 6.0;
				PRODUCT_NAME = "$(TARGET_NAME)";
				WRAPPER_EXTENSION = app;
			};
			name = Release;
		};
		950402591A08D04E0031331F /* Debug */ = {
			isa = XCBuildConfiguration;
			buildSettings = {
				BUNDLE_LOADER = "$(BUILT_PRODUCTS_DIR)/Sample.app/Sample";
				FRAMEWORK_SEARCH_PATHS = (
					"$(SDKROOT)/Developer/Library/Frameworks",
					"$(inherited)",
					"$(DEVELOPER_FRAMEWORKS_DIR)",
				);
				GCC_PRECOMPILE_PREFIX_HEADER = YES;
				GCC_PREFIX_HEADER = "Sample/Sample-Prefix.pch";
				GCC_PREPROCESSOR_DEFINITIONS = (
					"DEBUG=1",
					"$(inherited)",
				);
				INFOPLIST_FILE = "SampleTests/SampleTests-Info.plist";
				PRODUCT_NAME = "$(TARGET_NAME)";
				TEST_HOST = "$(BUNDLE_LOADER)";
				WRAPPER_EXTENSION = xctest;
			};
			name = Debug;
		};
		9504025A1A08D04E0031331F /* Release */ = {
			isa = XCBuildConfiguration;
			buildSettings = {
				BUNDLE_LOADER = "$(BUILT_PRODUCTS_DIR)/Sample.app/Sample";
				FRAMEWORK_SEARCH_PATHS = (
					"$(SDKROOT)/Developer/Library/Frameworks",
					"$(inherited)",
					"$(DEVELOPER_FRAMEWORKS_DIR)",
				);
				GCC_PRECOMPILE_PREFIX_HEADER = YES;
				GCC_PREFIX_HEADER = "Sample/Sample-Prefix.pch";
				INFOPLIST_FILE = "SampleTests/SampleTests-Info.plist";
				PRODUCT_NAME = "$(TARGET_NAME)";
				TEST_HOST = "$(BUNDLE_LOADER)";
				WRAPPER_EXTENSION = xctest;
			};
			name = Release;
		};
/* End XCBuildConfiguration section */

/* Begin XCConfigurationList section */
		9504021B1A08D04E0031331F /* Build configuration list for PBXProject "Sample" */ = {
			isa = XCConfigurationList;
			buildConfigurations = (
				950402531A08D04E0031331F /* Debug */,
				950402541A08D04E0031331F /* Release */,
			);
			defaultConfigurationIsVisible = 0;
			defaultConfigurationName = Release;
		};
		950402551A08D04E0031331F /* Build configuration list for PBXNativeTarget "Sample" */ = {
			isa = XCConfigurationList;
			buildConfigurations = (
				950402561A08D04E0031331F /* Debug */,
				950402571A08D04E0031331F /* Release */,
			);
			defaultConfigurationIsVisible = 0;
		};
		950402581A08D04E0031331F /* Build configuration list for PBXNativeTarget "SampleTests" */ = {
			isa = XCConfigurationList;
			buildConfigurations = (
				950402591A08D04E0031331F /* Debug */,
				9504025A1A08D04E0031331F /* Release */,
			);
			defaultConfigurationIsVisible = 0;
		};
/* End XCConfigurationList section */
	};
	rootObject = 950402181A08D04E0031331F /* Project object */;
}
